
Microsoft Visual Studio Solution File, Format Version 12.00
# Visual Studio Version 16
VisualStudioVersion = 16.0.29728.190
MinimumVisualStudioVersion = 10.0.40219.1
Project("{FAE04EC0-301F-11D3-BF4B-00C04F79EFBC}") = "myloan", "myloan\myloan.csproj", "{527E9BF6-AF97-4749-BD29-4C70886B855C}"
EndProject
Global
	GlobalSection(SolutionConfigurationPlatforms) = preSolution
		Debug|Any CPU = Debug|Any CPU
		Release|Any CPU = Release|Any CPU
	EndGlobalSection
	GlobalSection(ProjectConfigurationPlatforms) = postSolution
		{527E9BF6-AF97-4749-BD29-4C70886B855C}.Debug|Any CPU.ActiveCfg = Debug|Any CPU
		{527E9BF6-AF97-4749-BD29-4C70886B855C}.Debug|Any CPU.Build.0 = Debug|Any CPU
		{527E9BF6-AF97-4749-BD29-4C70886B855C}.Release|Any CPU.ActiveCfg = Release|Any CPU
		{527E9BF6-AF97-4749-BD29-4C70886B855C}.Release|Any CPU.Build.0 = Release|Any CPU
	EndGlobalSection
	GlobalSection(SolutionProperties) = preSolution
		HideSolutionNode = FALSE
	EndGlobalSection
	GlobalSection(ExtensibilityGlobals) = postSolution
		SolutionGuid = {1B0A5946-5B69-431E-901F-00FFCA97E6EC}
	EndGlobalSection
EndGlobal
